// !$*UTF8*$!
{
	archiveVersion = 1;
	classes = {
	};
	objectVersion = 46;
	objects = {

/* Begin PBXBuildFile section */
		619B97231DF388600084BD5D /* AppDelegate.swift in Sources */ = {isa = PBXBuildFile; fileRef = 619B97221DF388600084BD5D /* AppDelegate.swift */; };
		619B97251DF388600084BD5D /* ViewController.swift in Sources */ = {isa = PBXBuildFile; fileRef = 619B97241DF388600084BD5D /* ViewController.swift */; };
		619B97281DF388600084BD5D /* Main.storyboard in Resources */ = {isa = PBXBuildFile; fileRef = 619B97261DF388600084BD5D /* Main.storyboard */; };
		619B972A1DF388600084BD5D /* Assets.xcassets in Resources */ = {isa = PBXBuildFile; fileRef = 619B97291DF388600084BD5D /* Assets.xcassets */; };
		619B972D1DF388600084BD5D /* LaunchScreen.storyboard in Resources */ = {isa = PBXBuildFile; fileRef = 619B972B1DF388600084BD5D /* LaunchScreen.storyboard */; };
		619B97381DF388600084BD5D /* retrooTests.swift in Sources */ = {isa = PBXBuildFile; fileRef = 619B97371DF388600084BD5D /* retrooTests.swift */; };
		619B97431DF388600084BD5D /* retrooUITests.swift in Sources */ = {isa = PBXBuildFile; fileRef = 619B97421DF388600084BD5D /* retrooUITests.swift */; };
/* End PBXBuildFile section */

/* Begin PBXContainerItemProxy section */
		619B97341DF388600084BD5D /* PBXContainerItemProxy */ = {
			isa = PBXContainerItemProxy;
			containerPortal = 619B97171DF388600084BD5D /* Project object */;
			proxyType = 1;
			remoteGlobalIDString = 619B971E1DF388600084BD5D;
			remoteInfo = retroo;
		};
		619B973F1DF388600084BD5D /* PBXContainerItemProxy */ = {
			isa = PBXContainerItemProxy;
			containerPortal = 619B97171DF388600084BD5D /* Project object */;
			proxyType = 1;
			remoteGlobalIDString = 619B971E1DF388600084BD5D;
			remoteInfo = retroo;
		};
/* End PBXContainerItemProxy section */

/* Begin PBXFileReference section */
		619B971F1DF388600084BD5D /* retroo.app */ = {isa = PBXFileReference; explicitFileType = wrapper.application; includeInIndex = 0; path = retroo.app; sourceTree = BUILT_PRODUCTS_DIR; };
		619B97221DF388600084BD5D /* AppDelegate.swift */ = {isa = PBXFileReference; lastKnownFileType = sourcecode.swift; path = AppDelegate.swift; sourceTree = "<group>"; };
		619B97241DF388600084BD5D /* ViewController.swift */ = {isa = PBXFileReference; lastKnownFileType = sourcecode.swift; path = ViewController.swift; sourceTree = "<group>"; };
		619B97271DF388600084BD5D /* Base */ = {isa = PBXFileReference; lastKnownFileType = file.storyboard; name = Base; path = Base.lproj/Main.storyboard; sourceTree = "<group>"; };
		619B97291DF388600084BD5D /* Assets.xcassets */ = {isa = PBXFileReference; lastKnownFileType = folder.assetcatalog; path = Assets.xcassets; sourceTree = "<group>"; };
		619B972C1DF388600084BD5D /* Base */ = {isa = PBXFileReference; lastKnownFileType = file.storyboard; name = Base; path = Base.lproj/LaunchScreen.storyboard; sourceTree = "<group>"; };
		619B972E1DF388600084BD5D /* Info.plist */ = {isa = PBXFileReference; lastKnownFileType = text.plist.xml; path = Info.plist; sourceTree = "<group>"; };
		619B97331DF388600084BD5D /* retrooTests.xctest */ = {isa = PBXFileReference; explicitFileType = wrapper.cfbundle; includeInIndex = 0; path = retrooTests.xctest; sourceTree = BUILT_PRODUCTS_DIR; };
		619B97371DF388600084BD5D /* retrooTests.swift */ = {isa = PBXFileReference; lastKnownFileType = sourcecode.swift; path = retrooTests.swift; sourceTree = "<group>"; };
		619B97391DF388600084BD5D /* Info.plist */ = {isa = PBXFileReference; lastKnownFileType = text.plist.xml; path = Info.plist; sourceTree = "<group>"; };
		619B973E1DF388600084BD5D /* retrooUITests.xctest */ = {isa = PBXFileReference; explicitFileType = wrapper.cfbundle; includeInIndex = 0; path = retrooUITests.xctest; sourceTree = BUILT_PRODUCTS_DIR; };
		619B97421DF388600084BD5D /* retrooUITests.swift */ = {isa = PBXFileReference; lastKnownFileType = sourcecode.swift; path = retrooUITests.swift; sourceTree = "<group>"; };
		619B97441DF388600084BD5D /* Info.plist */ = {isa = PBXFileReference; lastKnownFileType = text.plist.xml; path = Info.plist; sourceTree = "<group>"; };
/* End PBXFileReference section */

/* Begin PBXFrameworksBuildPhase section */
		619B971C1DF388600084BD5D /* Frameworks */ = {
			isa = PBXFrameworksBuildPhase;
			buildActionMask = 2147483647;
			files = (
			);
			runOnlyForDeploymentPostprocessing = 0;
		};
		619B97301DF388600084BD5D /* Frameworks */ = {
			isa = PBXFrameworksBuildPhase;
			buildActionMask = 2147483647;
			files = (
			);
			runOnlyForDeploymentPostprocessing = 0;
		};
		619B973B1DF388600084BD5D /* Frameworks */ = {
			isa = PBXFrameworksBuildPhase;
			buildActionMask = 2147483647;
			files = (
			);
			runOnlyForDeploymentPostprocessing = 0;
		};
/* End PBXFrameworksBuildPhase section */

/* Begin PBXGroup section */
		619B97161DF388600084BD5D = {
			isa = PBXGroup;
			children = (
				619B97211DF388600084BD5D /* retroo */,
				619B97361DF388600084BD5D /* retrooTests */,
				619B97411DF388600084BD5D /* retrooUITests */,
				619B97201DF388600084BD5D /* Products */,
			);
			sourceTree = "<group>";
		};
		619B97201DF388600084BD5D /* Products */ = {
			isa = PBXGroup;
			children = (
				619B971F1DF388600084BD5D /* retroo.app */,
				619B97331DF388600084BD5D /* retrooTests.xctest */,
				619B973E1DF388600084BD5D /* retrooUITests.xctest */,
			);
			name = Products;
			sourceTree = "<group>";
		};
		619B97211DF388600084BD5D /* retroo */ = {
			isa = PBXGroup;
			children = (
				619B97221DF388600084BD5D /* AppDelegate.swift */,
				619B97241DF388600084BD5D /* ViewController.swift */,
				619B97261DF388600084BD5D /* Main.storyboard */,
				619B97291DF388600084BD5D /* Assets.xcassets */,
				619B972B1DF388600084BD5D /* LaunchScreen.storyboard */,
				619B972E1DF388600084BD5D /* Info.plist */,
			);
			path = retroo;
			sourceTree = "<group>";
		};
		619B97361DF388600084BD5D /* retrooTests */ = {
			isa = PBXGroup;
			children = (
				619B97371DF388600084BD5D /* retrooTests.swift */,
				619B97391DF388600084BD5D /* Info.plist */,
			);
			path = retrooTests;
			sourceTree = "<group>";
		};
		619B97411DF388600084BD5D /* retrooUITests */ = {
			isa = PBXGroup;
			children = (
				619B97421DF388600084BD5D /* retrooUITests.swift */,
				619B97441DF388600084BD5D /* Info.plist */,
			);
			path = retrooUITests;
			sourceTree = "<group>";
		};
/* End PBXGroup section */

/* Begin PBXNativeTarget section */
		619B971E1DF388600084BD5D /* retroo */ = {
			isa = PBXNativeTarget;
			buildConfigurationList = 619B97471DF388600084BD5D /* Build configuration list for PBXNativeTarget "retroo" */;
			buildPhases = (
				619B971B1DF388600084BD5D /* Sources */,
				619B971C1DF388600084BD5D /* Frameworks */,
				619B971D1DF388600084BD5D /* Resources */,
			);
			buildRules = (
			);
			dependencies = (
			);
			name = retroo;
			productName = retroo;
			productReference = 619B971F1DF388600084BD5D /* retroo.app */;
			productType = "com.apple.product-type.application";
		};
		619B97321DF388600084BD5D /* retrooTests */ = {
			isa = PBXNativeTarget;
			buildConfigurationList = 619B974A1DF388600084BD5D /* Build configuration list for PBXNativeTarget "retrooTests" */;
			buildPhases = (
				619B972F1DF388600084BD5D /* Sources */,
				619B97301DF388600084BD5D /* Frameworks */,
				619B97311DF388600084BD5D /* Resources */,
			);
			buildRules = (
			);
			dependencies = (
				619B97351DF388600084BD5D /* PBXTargetDependency */,
			);
			name = retrooTests;
			productName = retrooTests;
			productReference = 619B97331DF388600084BD5D /* retrooTests.xctest */;
			productType = "com.apple.product-type.bundle.unit-test";
		};
		619B973D1DF388600084BD5D /* retrooUITests */ = {
			isa = PBXNativeTarget;
			buildConfigurationList = 619B974D1DF388600084BD5D /* Build configuration list for PBXNativeTarget "retrooUITests" */;
			buildPhases = (
				619B973A1DF388600084BD5D /* Sources */,
				619B973B1DF388600084BD5D /* Frameworks */,
				619B973C1DF388600084BD5D /* Resources */,
			);
			buildRules = (
			);
			dependencies = (
				619B97401DF388600084BD5D /* PBXTargetDependency */,
			);
			name = retrooUITests;
			productName = retrooUITests;
			productReference = 619B973E1DF388600084BD5D /* retrooUITests.xctest */;
			productType = "com.apple.product-type.bundle.ui-testing";
		};
/* End PBXNativeTarget section */

/* Begin PBXProject section */
		619B97171DF388600084BD5D /* Project object */ = {
			isa = PBXProject;
			attributes = {
				LastSwiftUpdateCheck = 0810;
				LastUpgradeCheck = 0810;
				ORGANIZATIONNAME = AppleSucks;
				TargetAttributes = {
					619B971E1DF388600084BD5D = {
						CreatedOnToolsVersion = 8.1;
						DevelopmentTeam = CZ6V6LX65L;
						ProvisioningStyle = Automatic;
					};
					619B97321DF388600084BD5D = {
						CreatedOnToolsVersion = 8.1;
						DevelopmentTeam = CZ6V6LX65L;
						ProvisioningStyle = Automatic;
						TestTargetID = 619B971E1DF388600084BD5D;
					};
					619B973D1DF388600084BD5D = {
						CreatedOnToolsVersion = 8.1;
						DevelopmentTeam = CZ6V6LX65L;
						ProvisioningStyle = Automatic;
						TestTargetID = 619B971E1DF388600084BD5D;
					};
				};
			};
			buildConfigurationList = 619B971A1DF388600084BD5D /* Build configuration list for PBXProject "retroo" */;
			compatibilityVersion = "Xcode 3.2";
			developmentRegion = English;
			hasScannedForEncodings = 0;
			knownRegions = (
				en,
				Base,
			);
			mainGroup = 619B97161DF388600084BD5D;
			productRefGroup = 619B97201DF388600084BD5D /* Products */;
			projectDirPath = "";
			projectRoot = "";
			targets = (
				619B971E1DF388600084BD5D /* retroo */,
				619B97321DF388600084BD5D /* retrooTests */,
				619B973D1DF388600084BD5D /* retrooUITests */,
			);
		};
/* End PBXProject section */

/* Begin PBXResourcesBuildPhase section */
		619B971D1DF388600084BD5D /* Resources */ = {
			isa = PBXResourcesBuildPhase;
			buildActionMask = 2147483647;
			files = (
				619B972D1DF388600084BD5D /* LaunchScreen.storyboard in Resources */,
				619B972A1DF388600084BD5D /* Assets.xcassets in Resources */,
				619B97281DF388600084BD5D /* Main.storyboard in Resources */,
			);
			runOnlyForDeploymentPostprocessing = 0;
		};
		619B97311DF388600084BD5D /* Resources */ = {
			isa = PBXResourcesBuildPhase;
			buildActionMask = 2147483647;
			files = (
			);
			runOnlyForDeploymentPostprocessing = 0;
		};
		619B973C1DF388600084BD5D /* Resources */ = {
			isa = PBXResourcesBuildPhase;
			buildActionMask = 2147483647;
			files = (
			);
			runOnlyForDeploymentPostprocessing = 0;
		};
/* End PBXResourcesBuildPhase section */

/* Begin PBXSourcesBuildPhase section */
		619B971B1DF388600084BD5D /* Sources */ = {
			isa = PBXSourcesBuildPhase;
			buildActionMask = 2147483647;
			files = (
				619B97251DF388600084BD5D /* ViewController.swift in Sources */,
				619B97231DF388600084BD5D /* AppDelegate.swift in Sources */,
			);
			runOnlyForDeploymentPostprocessing = 0;
		};
		619B972F1DF388600084BD5D /* Sources */ = {
			isa = PBXSourcesBuildPhase;
			buildActionMask = 2147483647;
			files = (
				619B97381DF388600084BD5D /* retrooTests.swift in Sources */,
			);
			runOnlyForDeploymentPostprocessing = 0;
		};
		619B973A1DF388600084BD5D /* Sources */ = {
			isa = PBXSourcesBuildPhase;
			buildActionMask = 2147483647;
			files = (
				619B97431DF388600084BD5D /* retrooUITests.swift in Sources */,
			);
			runOnlyForDeploymentPostprocessing = 0;
		};
/* End PBXSourcesBuildPhase section */

/* Begin PBXTargetDependency section */
		619B97351DF388600084BD5D /* PBXTargetDependency */ = {
			isa = PBXTargetDependency;
			target = 619B971E1DF388600084BD5D /* retroo */;
			targetProxy = 619B97341DF388600084BD5D /* PBXContainerItemProxy */;
		};
		619B97401DF388600084BD5D /* PBXTargetDependency */ = {
			isa = PBXTargetDependency;
			target = 619B971E1DF388600084BD5D /* retroo */;
			targetProxy = 619B973F1DF388600084BD5D /* PBXContainerItemProxy */;
		};
/* End PBXTargetDependency section */

/* Begin PBXVariantGroup section */
		619B97261DF388600084BD5D /* Main.storyboard */ = {
			isa = PBXVariantGroup;
			children = (
				619B97271DF388600084BD5D /* Base */,
			);
			name = Main.storyboard;
			sourceTree = "<group>";
		};
		619B972B1DF388600084BD5D /* LaunchScreen.storyboard */ = {
			isa = PBXVariantGroup;
			children = (
				619B972C1DF388600084BD5D /* Base */,
			);
			name = LaunchScreen.storyboard;
			sourceTree = "<group>";
		};
/* End PBXVariantGroup section */

/* Begin XCBuildConfiguration section */
		619B97451DF388600084BD5D /* Debug */ = {
			isa = XCBuildConfiguration;
			buildSettings = {
				ALWAYS_SEARCH_USER_PATHS = NO;
				CLANG_ANALYZER_NONNULL = YES;
				CLANG_CXX_LANGUAGE_STANDARD = "gnu++0x";
				CLANG_CXX_LIBRARY = "libc++";
				CLANG_ENABLE_MODULES = YES;
				CLANG_ENABLE_OBJC_ARC = YES;
				CLANG_WARN_BOOL_CONVERSION = YES;
				CLANG_WARN_CONSTANT_CONVERSION = YES;
				CLANG_WARN_DIRECT_OBJC_ISA_USAGE = YES_ERROR;
				CLANG_WARN_DOCUMENTATION_COMMENTS = YES;
				CLANG_WARN_EMPTY_BODY = YES;
				CLANG_WARN_ENUM_CONVERSION = YES;
				CLANG_WARN_INFINITE_RECURSION = YES;
				CLANG_WARN_INT_CONVERSION = YES;
				CLANG_WARN_OBJC_ROOT_CLASS = YES_ERROR;
				CLANG_WARN_SUSPICIOUS_MOVES = YES;
				CLANG_WARN_UNREACHABLE_CODE = YES;
				CLANG_WARN__DUPLICATE_METHOD_MATCH = YES;
				"CODE_SIGN_IDENTITY[sdk=iphoneos*]" = "iPhone Developer";
				COPY_PHASE_STRIP = NO;
				DEBUG_INFORMATION_FORMAT = dwarf;
				ENABLE_STRICT_OBJC_MSGSEND = YES;
				ENABLE_TESTABILITY = YES;
				GCC_C_LANGUAGE_STANDARD = gnu99;
				GCC_DYNAMIC_NO_PIC = NO;
				GCC_NO_COMMON_BLOCKS = YES;
				GCC_OPTIMIZATION_LEVEL = 0;
				GCC_PREPROCESSOR_DEFINITIONS = (
					"DEBUG=1",
					"$(inherited)",
				);
				GCC_WARN_64_TO_32_BIT_CONVERSION = YES;
				GCC_WARN_ABOUT_RETURN_TYPE = YES_ERROR;
				GCC_WARN_UNDECLARED_SELECTOR = YES;
				GCC_WARN_UNINITIALIZED_AUTOS = YES_AGGRESSIVE;
				GCC_WARN_UNUSED_FUNCTION = YES;
				GCC_WARN_UNUSED_VARIABLE = YES;
				IPHONEOS_DEPLOYMENT_TARGET = 10.1;
				MTL_ENABLE_DEBUG_INFO = YES;
				ONLY_ACTIVE_ARCH = YES;
				SDKROOT = iphoneos;
				SWIFT_ACTIVE_COMPILATION_CONDITIONS = DEBUG;
				SWIFT_OPTIMIZATION_LEVEL = "-Onone";
				TARGETED_DEVICE_FAMILY = "1,2";
			};
			name = Debug;
		};
		619B97461DF388600084BD5D /* Release */ = {
			isa = XCBuildConfiguration;
			buildSettings = {
				ALWAYS_SEARCH_USER_PATHS = NO;
				CLANG_ANALYZER_NONNULL = YES;
				CLANG_CXX_LANGUAGE_STANDARD = "gnu++0x";
				CLANG_CXX_LIBRARY = "libc++";
				CLANG_ENABLE_MODULES = YES;
				CLANG_ENABLE_OBJC_ARC = YES;
				CLANG_WARN_BOOL_CONVERSION = YES;
				CLANG_WARN_CONSTANT_CONVERSION = YES;
				CLANG_WARN_DIRECT_OBJC_ISA_USAGE = YES_ERROR;
				CLANG_WARN_DOCUMENTATION_COMMENTS = YES;
				CLANG_WARN_EMPTY_BODY = YES;
				CLANG_WARN_ENUM_CONVERSION = YES;
				CLANG_WARN_INFINITE_RECURSION = YES;
				CLANG_WARN_INT_CONVERSION = YES;
				CLANG_WARN_OBJC_ROOT_CLASS = YES_ERROR;
				CLANG_WARN_SUSPICIOUS_MOVES = YES;
				CLANG_WARN_UNREACHABLE_CODE = YES;
				CLANG_WARN__DUPLICATE_METHOD_MATCH = YES;
				"CODE_SIGN_IDENTITY[sdk=iphoneos*]" = "iPhone Developer";
				COPY_PHASE_STRIP = NO;
				DEBUG_INFORMATION_FORMAT = "dwarf-with-dsym";
				ENABLE_NS_ASSERTIONS = NO;
				ENABLE_STRICT_OBJC_MSGSEND = YES;
				GCC_C_LANGUAGE_STANDARD = gnu99;
				GCC_NO_COMMON_BLOCKS = YES;
				GCC_WARN_64_TO_32_BIT_CONVERSION = YES;
				GCC_WARN_ABOUT_RETURN_TYPE = YES_ERROR;
				GCC_WARN_UNDECLARED_SELECTOR = YES;
				GCC_WARN_UNINITIALIZED_AUTOS = YES_AGGRESSIVE;
				GCC_WARN_UNUSED_FUNCTION = YES;
				GCC_WARN_UNUSED_VARIABLE = YES;
				IPHONEOS_DEPLOYMENT_TARGET = 10.1;
				MTL_ENABLE_DEBUG_INFO = NO;
				SDKROOT = iphoneos;
				SWIFT_OPTIMIZATION_LEVEL = "-Owholemodule";
				TARGETED_DEVICE_FAMILY = "1,2";
				VALIDATE_PRODUCT = YES;
			};
			name = Release;
		};
		619B97481DF388600084BD5D /* Debug */ = {
			isa = XCBuildConfiguration;
			buildSettings = {
				ASSETCATALOG_COMPILER_APPICON_NAME = AppIcon;
				DEVELOPMENT_TEAM = CZ6V6LX65L;
				INFOPLIST_FILE = retroo/Info.plist;
				LD_RUNPATH_SEARCH_PATHS = "$(inherited) @executable_path/Frameworks";
				PRODUCT_BUNDLE_IDENTIFIER = com.AppleSucks.retroo;
				PRODUCT_NAME = "$(TARGET_NAME)";
				SWIFT_VERSION = 3.0;
			};
			name = Debug;
		};
		619B97491DF388600084BD5D /* Release */ = {
			isa = XCBuildConfiguration;
			buildSettings = {
				ASSETCATALOG_COMPILER_APPICON_NAME = AppIcon;
				DEVELOPMENT_TEAM = CZ6V6LX65L;
				INFOPLIST_FILE = retroo/Info.plist;
				LD_RUNPATH_SEARCH_PATHS = "$(inherited) @executable_path/Frameworks";
				PRODUCT_BUNDLE_IDENTIFIER = com.AppleSucks.retroo;
				PRODUCT_NAME = "$(TARGET_NAME)";
				SWIFT_VERSION = 3.0;
			};
			name = Release;
		};
		619B974B1DF388600084BD5D /* Debug */ = {
			isa = XCBuildConfiguration;
			buildSettings = {
				ALWAYS_EMBED_SWIFT_STANDARD_LIBRARIES = YES;
				BUNDLE_LOADER = "$(TEST_HOST)";
				DEVELOPMENT_TEAM = CZ6V6LX65L;
				INFOPLIST_FILE = retrooTests/Info.plist;
				LD_RUNPATH_SEARCH_PATHS = "$(inherited) @executable_path/Frameworks @loader_path/Frameworks";
				PRODUCT_BUNDLE_IDENTIFIER = com.AppleSucks.retrooTests;
				PRODUCT_NAME = "$(TARGET_NAME)";
				SWIFT_VERSION = 3.0;
				TEST_HOST = "$(BUILT_PRODUCTS_DIR)/retroo.app/retroo";
			};
			name = Debug;
		};
		619B974C1DF388600084BD5D /* Release */ = {
			isa = XCBuildConfiguration;
			buildSettings = {
				ALWAYS_EMBED_SWIFT_STANDARD_LIBRARIES = YES;
				BUNDLE_LOADER = "$(TEST_HOST)";
				DEVELOPMENT_TEAM = CZ6V6LX65L;
				INFOPLIST_FILE = retrooTests/Info.plist;
				LD_RUNPATH_SEARCH_PATHS = "$(inherited) @executable_path/Frameworks @loader_path/Frameworks";
				PRODUCT_BUNDLE_IDENTIFIER = com.AppleSucks.retrooTests;
				PRODUCT_NAME = "$(TARGET_NAME)";
				SWIFT_VERSION = 3.0;
				TEST_HOST = "$(BUILT_PRODUCTS_DIR)/retroo.app/retroo";
			};
			name = Release;
		};
		619B974E1DF388600084BD5D /* Debug */ = {
			isa = XCBuildConfiguration;
			buildSettings = {
				ALWAYS_EMBED_SWIFT_STANDARD_LIBRARIES = YES;
				DEVELOPMENT_TEAM = CZ6V6LX65L;
				INFOPLIST_FILE = retrooUITests/Info.plist;
				LD_RUNPATH_SEARCH_PATHS = "$(inherited) @executable_path/Frameworks @loader_path/Frameworks";
				PRODUCT_BUNDLE_IDENTIFIER = com.AppleSucks.retrooUITests;
				PRODUCT_NAME = "$(TARGET_NAME)";
				SWIFT_VERSION = 3.0;
				TEST_TARGET_NAME = retroo;
			};
			name = Debug;
		};
		619B974F1DF388600084BD5D /* Release */ = {
			isa = XCBuildConfiguration;
			buildSettings = {
				ALWAYS_EMBED_SWIFT_STANDARD_LIBRARIES = YES;
				DEVELOPMENT_TEAM = CZ6V6LX65L;
				INFOPLIST_FILE = retrooUITests/Info.plist;
				LD_RUNPATH_SEARCH_PATHS = "$(inherited) @executable_path/Frameworks @loader_path/Frameworks";
				PRODUCT_BUNDLE_IDENTIFIER = com.AppleSucks.retrooUITests;
				PRODUCT_NAME = "$(TARGET_NAME)";
				SWIFT_VERSION = 3.0;
				TEST_TARGET_NAME = retroo;
			};
			name = Release;
		};
/* End XCBuildConfiguration section */

/* Begin XCConfigurationList section */
		619B971A1DF388600084BD5D /* Build configuration list for PBXProject "retroo" */ = {
			isa = XCConfigurationList;
			buildConfigurations = (
				619B97451DF388600084BD5D /* Debug */,
				619B97461DF388600084BD5D /* Release */,
			);
			defaultConfigurationIsVisible = 0;
			defaultConfigurationName = Release;
		};
		619B97471DF388600084BD5D /* Build configuration list for PBXNativeTarget "retroo" */ = {
			isa = XCConfigurationList;
			buildConfigurations = (
				619B97481DF388600084BD5D /* Debug */,
				619B97491DF388600084BD5D /* Release */,
			);
			defaultConfigurationIsVisible = 0;
		};
		619B974A1DF388600084BD5D /* Build configuration list for PBXNativeTarget "retrooTests" */ = {
			isa = XCConfigurationList;
			buildConfigurations = (
				619B974B1DF388600084BD5D /* Debug */,
				619B974C1DF388600084BD5D /* Release */,
			);
			defaultConfigurationIsVisible = 0;
		};
		619B974D1DF388600084BD5D /* Build configuration list for PBXNativeTarget "retrooUITests" */ = {
			isa = XCConfigurationList;
			buildConfigurations = (
				619B974E1DF388600084BD5D /* Debug */,
				619B974F1DF388600084BD5D /* Release */,
			);
			defaultConfigurationIsVisible = 0;
		};
/* End XCConfigurationList section */
	};
	rootObject = 619B97171DF388600084BD5D /* Project object */;
}
